lockfileVersion: 5.4

specifiers:
  '@types/leaflet': 1.7.11
  '@types/phoenix_live_view': ^0.15.1
  hls.js: ^1.5.11
  leaflet: 1.8.0
  phoenix_typed_hook: file:../deps/phoenix_typed_hook
  sortablejs: 1.15.2
  underscore: 1.13.4
  uplot: ^1.6.21

dependencies:
  '@types/leaflet': 1.7.11
  hls.js: 1.5.11
  leaflet: 1.8.0
  phoenix_typed_hook: file:../deps/phoenix_typed_hook_iz7pew2hkfdo7ewuv65nmud55u
  sortablejs: 1.15.2
  underscore: 1.13.4
  uplot: 1.6.21

devDependencies:
  '@types/phoenix_live_view': 0.15.1

packages:

  /@types/geojson/7946.0.8:
    resolution: {integrity: sha512-1rkryxURpr6aWP7R786/UQOkJ3PcpQiWkAXBmdWc7ryFWqN6a4xfK7BtjXvFBKO9LjQ+MWQSWxYeZX1OApnArA==}
    dev: false

  /@types/leaflet/1.7.11:
    resolution: {integrity: sha512-VwAYom2pfIAf/pLj1VR5aLltd4tOtHyvfaJlNYCoejzP2nu52PrMi1ehsLRMUS+bgafmIIKBV1cMfKeS+uJ0Vg==}
    dependencies:
      '@types/geojson': 7946.0.8
    dev: false

  /@types/phoenix/1.6.1:
    resolution: {integrity: sha512-g2/8Ogi2zfiS25jdGT5iDSo5yjruhhXaOuOJCkOxMW28w16VxFvjtAXjBNRo7WlRS4+UXAMj3mK46UwieNM/5g==}

  /@types/phoenix_live_view/0.15.1:
    resolution: {integrity: sha512-dWKwJ9xqCHW+3TVfCIVC6/6ZMpURlDcu9qakWL89H5iWoSXs5X7gaKKnPXc7a1IKULieZjHBVkCW0Ui9aRf3Bg==}
    dependencies:
      '@types/phoenix': 1.6.1

  /hls.js/1.5.11:
    resolution: {integrity: sha512-q3We1izi2+qkOO+TvZdHv+dx6aFzdtk3xc1/Qesrvto4thLTT/x/1FK85c5h1qZE4MmMBNgKg+MIW8nxQfxwBw==}
    dev: false

  /leaflet/1.8.0:
    resolution: {integrity: sha512-gwhMjFCQiYs3x/Sf+d49f10ERXaEFCPr+nVTryhAW8DWbMGqJqt9G4XuIaHmFW08zYvhgdzqXGr8AlW8v8dQkA==}
    dev: false

  /sortablejs/1.15.2:
    resolution: {integrity: sha512-FJF5jgdfvoKn1MAKSdGs33bIqLi3LmsgVTliuX6iITj834F+JRQZN90Z93yql8h0K2t0RwDPBmxwlbZfDcxNZA==}
    dev: false

  /underscore/1.13.4:
    resolution: {integrity: sha512-BQFnUDuAQ4Yf/cYY5LNrK9NCJFKriaRbD9uR1fTeXnBeoa97W0i41qkZfGO9pSo8I5KzjAcSY2XYtdf0oKd7KQ==}
    dev: false

  /uplot/1.6.21:
    resolution: {integrity: sha1-OQMPZNzPPHd84swEdC1GERzux/g=}
    dev: false

  file:../deps/phoenix_typed_hook_iz7pew2hkfdo7ewuv65nmud55u:
    resolution: {directory: ../deps/phoenix_typed_hook, type: directory}
    id: file:../deps/phoenix_typed_hook
    name: phoenix_typed_hook
    version: 0.18.2
    peerDependencies:
      '@types/phoenix_live_view': ^0.15.1
    dependencies:
      '@types/phoenix_live_view': 0.15.1
    dev: false
